
Microsoft Visual Studio Solution File, Format Version 12.00
# Visual Studio Version 17
VisualStudioVersion = 17.7.34031.279
MinimumVisualStudioVersion = 10.0.40219.1
Project("{FAE04EC0-301F-11D3-BF4B-00C04F79EFBC}") = "TestForReact", "TestForReact\TestForReact.csproj", "{4645E0D6-7706-4D1D-8D64-29C7B19B89D5}"
EndProject
Global
	GlobalSection(SolutionConfigurationPlatforms) = preSolution
		Debug|Any CPU = Debug|Any CPU
		Release|Any CPU = Release|Any CPU
	EndGlobalSection
	GlobalSection(ProjectConfigurationPlatforms) = postSolution
		{4645E0D6-7706-4D1D-8D64-29C7B19B89D5}.Debug|Any CPU.ActiveCfg = Debug|Any CPU
		{4645E0D6-7706-4D1D-8D64-29C7B19B89D5}.Debug|Any CPU.Build.0 = Debug|Any CPU
		{4645E0D6-7706-4D1D-8D64-29C7B19B89D5}.Release|Any CPU.ActiveCfg = Release|Any CPU
		{4645E0D6-7706-4D1D-8D64-29C7B19B89D5}.Release|Any CPU.Build.0 = Release|Any CPU
	EndGlobalSection
	GlobalSection(SolutionProperties) = preSolution
		HideSolutionNode = FALSE
	EndGlobalSection
	GlobalSection(ExtensibilityGlobals) = postSolution
		SolutionGuid = {786A7BBA-AF97-426D-A0F8-A84879B32D9A}
	EndGlobalSection
EndGlobal
