
Microsoft Visual Studio Solution File, Format Version 12.00
# Visual Studio Version 17
VisualStudioVersion = 17.6.33829.357
MinimumVisualStudioVersion = 10.0.40219.1
Project("{FAE04EC0-301F-11D3-BF4B-00C04F79EFBC}") = "API_Practice_01", "API_Practice_01\API_Practice_01.csproj", "{739E28A3-2E2A-4D2E-AF26-BFB1DCCDD11B}"
EndProject
Global
	GlobalSection(SolutionConfigurationPlatforms) = preSolution
		Debug|Any CPU = Debug|Any CPU
		Release|Any CPU = Release|Any CPU
	EndGlobalSection
	GlobalSection(ProjectConfigurationPlatforms) = postSolution
		{739E28A3-2E2A-4D2E-AF26-BFB1DCCDD11B}.Debug|Any CPU.ActiveCfg = Debug|Any CPU
		{739E28A3-2E2A-4D2E-AF26-BFB1DCCDD11B}.Debug|Any CPU.Build.0 = Debug|Any CPU
		{739E28A3-2E2A-4D2E-AF26-BFB1DCCDD11B}.Release|Any CPU.ActiveCfg = Release|Any CPU
		{739E28A3-2E2A-4D2E-AF26-BFB1DCCDD11B}.Release|Any CPU.Build.0 = Release|Any CPU
	EndGlobalSection
	GlobalSection(SolutionProperties) = preSolution
		HideSolutionNode = FALSE
	EndGlobalSection
	GlobalSection(ExtensibilityGlobals) = postSolution
		SolutionGuid = {1F3FC9F6-0885-4A7D-B061-A0A837C6D621}
	EndGlobalSection
EndGlobal
